<?xml version="1.0" encoding="utf-8"?>
<Project ToolsVersion="4.0" xmlns="http://schemas.microsoft.com/developer/msbuild/2003">
  <ItemGroup>
    <Filter Include="リソース ファイル">
      <UniqueIdentifier>{67DA6AB6-F800-4c08-8B7A-83BB121AAD01}</UniqueIdentifier>
      <Extensions>rc;ico;cur;bmp;dlg;rc2;rct;bin;rgs;gif;jpg;jpeg;jpe;resx;tiff;tif;png;wav;mfcribbon-ms</Extensions>
    </Filter>
    <Filter Include="シェーダーファイル">
      <UniqueIdentifier>{c4b63bef-c4b4-40dd-8ebf-3f9cdc0f8557}</UniqueIdentifier>
    </Filter>
    <Filter Include="ゲームシステム">
      <UniqueIdentifier>{0effebc6-bde2-41c3-abf2-9ff8e71ffaa3}</UniqueIdentifier>
    </Filter>
    <Filter Include="シェーダーファイル\Sprite">
      <UniqueIdentifier>{c79de487-cd11-4978-a7f8-3162e4c4f1d6}</UniqueIdentifier>
    </Filter>
    <Filter Include="シェーダーファイル\Particle">
      <UniqueIdentifier>{50e7d2ef-5d76-4f6d-8d0c-5c54df89cb0f}</UniqueIdentifier>
    </Filter>
    <Filter Include="ゲームシステム\Scene">
      <UniqueIdentifier>{8677fbf2-e109-497b-99fb-14bb695dc881}</UniqueIdentifier>
    </Filter>
    <Filter Include="シェーダーファイル\Basic">
      <UniqueIdentifier>{a8a993ee-4e2d-4f0e-bfdd-b29afe531222}</UniqueIdentifier>
    </Filter>
    <Filter Include="Imgui">
      <UniqueIdentifier>{23249f82-5888-449d-8f3a-edc0bb3f0345}</UniqueIdentifier>
    </Filter>
    <Filter Include="シェーダーファイル\HeightMap">
      <UniqueIdentifier>{3a93725c-abc3-4024-816d-8a3a69153d13}</UniqueIdentifier>
    </Filter>
    <Filter Include="シェーダーファイル\InstanceObject">
      <UniqueIdentifier>{7fc18359-a4db-42fb-957c-579db00601d4}</UniqueIdentifier>
    </Filter>
    <Filter Include="シェーダーファイル\PrimitiveObject3D">
      <UniqueIdentifier>{39c8b700-fc76-4b07-b2e0-aafb12ec0439}</UniqueIdentifier>
    </Filter>
    <Filter Include="シェーダーファイル\Object3D">
      <UniqueIdentifier>{47c0745e-d963-4c4e-a611-83305efb37e6}</UniqueIdentifier>
    </Filter>
    <Filter Include="シェーダーファイル\PostEffect">
      <UniqueIdentifier>{f42395bc-1263-4d63-9668-38b81bc7a3f0}</UniqueIdentifier>
    </Filter>
    <Filter Include="シェーダーファイル\PostEffect\PostEffect">
      <UniqueIdentifier>{bcc09153-9725-4d08-aad7-fe6fcebe4240}</UniqueIdentifier>
    </Filter>
    <Filter Include="シェーダーファイル\PostEffect\Bloom">
      <UniqueIdentifier>{2463f470-7111-4766-ad3d-034396afd645}</UniqueIdentifier>
    </Filter>
    <Filter Include="シェーダーファイル\PostEffect\Outline">
      <UniqueIdentifier>{d1c3f653-9c60-4f5a-8cb7-5ffa7128cc34}</UniqueIdentifier>
    </Filter>
    <Filter Include="シェーダーファイル\PostEffect\Fog">
      <UniqueIdentifier>{5d37ce9d-524c-48be-bc93-4c83913e01e0}</UniqueIdentifier>
    </Filter>
    <Filter Include="Engine">
      <UniqueIdentifier>{02085d77-f2ce-451c-9e0e-1cea092e391b}</UniqueIdentifier>
    </Filter>
    <Filter Include="Engine\Audio">
      <UniqueIdentifier>{d50b3b7c-f0ed-427f-ae1c-45dc69a89fe1}</UniqueIdentifier>
    </Filter>
    <Filter Include="Engine\Camera">
      <UniqueIdentifier>{712cc4e0-95cb-4715-b30f-3af55e4b2ffd}</UniqueIdentifier>
    </Filter>
    <Filter Include="Engine\Particle">
      <UniqueIdentifier>{33bd4f75-ebed-40fd-837b-60126820b578}</UniqueIdentifier>
    </Filter>
    <Filter Include="Engine\Light">
      <UniqueIdentifier>{4aa578b4-27fc-4eb3-ab2f-ee4aa96fefae}</UniqueIdentifier>
    </Filter>
    <Filter Include="Engine\Object">
      <UniqueIdentifier>{f9763ffe-2661-489a-b178-3b5613888aef}</UniqueIdentifier>
    </Filter>
    <Filter Include="Engine\Object\2d">
      <UniqueIdentifier>{d1b2616a-7617-475b-9481-78aa38115a72}</UniqueIdentifier>
    </Filter>
    <Filter Include="Engine\Object\2d\PostEffect">
      <UniqueIdentifier>{0395157f-cfe5-4ae8-b61c-ca939ad99a27}</UniqueIdentifier>
    </Filter>
    <Filter Include="Engine\Object\3d">
      <UniqueIdentifier>{b39b7445-39ca-4c57-b18f-3f6706c5e001}</UniqueIdentifier>
    </Filter>
    <Filter Include="Engine\Object\3d\OBJ">
      <UniqueIdentifier>{0789e0f6-e5b2-4934-8399-12f9516c08e8}</UniqueIdentifier>
    </Filter>
    <Filter Include="Engine\Object\3d\collider">
      <UniqueIdentifier>{01e36be7-9665-4170-9568-05beaf158a24}</UniqueIdentifier>
    </Filter>
    <Filter Include="Engine\Input">
      <UniqueIdentifier>{c9ef2e81-bfcf-41ca-b3c8-821026159bee}</UniqueIdentifier>
    </Filter>
    <Filter Include="Engine\MainEngine">
      <UniqueIdentifier>{d363d3f2-8b0d-4d98-b20d-8210587ec264}</UniqueIdentifier>
    </Filter>
    <Filter Include="Engine\Scene">
      <UniqueIdentifier>{f22beb32-3746-4c9a-99e6-f06cfe08ba98}</UniqueIdentifier>
    </Filter>
    <Filter Include="Engine\Texture">
      <UniqueIdentifier>{26f09d4b-07a4-4861-afef-6d00e6259479}</UniqueIdentifier>
    </Filter>
    <Filter Include="Engine\Loder">
      <UniqueIdentifier>{62f202f6-648d-4019-a24a-02fce34d6398}</UniqueIdentifier>
    </Filter>
    <Filter Include="Engine\Pipeline">
      <UniqueIdentifier>{356b25fe-ae5a-4de6-8b21-156452afe5c0}</UniqueIdentifier>
    </Filter>
    <Filter Include="Engine\Math">
      <UniqueIdentifier>{e0606d75-ee45-460e-8ea5-4e7467057063}</UniqueIdentifier>
    </Filter>
    <Filter Include="Engine\Math\Easing">
      <UniqueIdentifier>{1c55fb7c-d820-4300-b956-a73080500c5d}</UniqueIdentifier>
    </Filter>
    <Filter Include="シェーダーファイル\Fbx">
      <UniqueIdentifier>{57c9ac3d-bf77-49b7-9c94-d1d4cd98aae2}</UniqueIdentifier>
    </Filter>
    <Filter Include="ゲームシステム\Player">
      <UniqueIdentifier>{e6a2bbb3-2170-401e-9a8c-69ca38a4a35b}</UniqueIdentifier>
    </Filter>
    <Filter Include="ゲームシステム\camera">
      <UniqueIdentifier>{d9a8eb30-1a15-43ec-b103-ddf0fe16ed1b}</UniqueIdentifier>
    </Filter>
    <Filter Include="ゲームシステム\Enemy">
      <UniqueIdentifier>{32f6eaef-1272-43d9-852c-dc088e354499}</UniqueIdentifier>
    </Filter>
    <Filter Include="ゲームシステム\Enemy\Boss1">
      <UniqueIdentifier>{c7f4887b-6aa9-4a32-bf22-d08f0e24549c}</UniqueIdentifier>
    </Filter>
    <Filter Include="ゲームシステム\Field">
      <UniqueIdentifier>{16430528-71c7-4bc1-939e-fd1ab160da3a}</UniqueIdentifier>
    </Filter>
    <Filter Include="ゲームシステム\UI">
      <UniqueIdentifier>{c60c8b4b-3126-44e0-85a6-d0126f10bc22}</UniqueIdentifier>
    </Filter>
    <Filter Include="シェーダーファイル\ObjLightView">
      <UniqueIdentifier>{f6415680-dd3a-496c-b831-d4f1ac64895f}</UniqueIdentifier>
    </Filter>
    <Filter Include="シェーダーファイル\FbxLightView">
      <UniqueIdentifier>{7aa3c5ec-638b-4ed1-85fc-db21f22324f6}</UniqueIdentifier>
    </Filter>
    <Filter Include="ゲームシステム\Effect">
      <UniqueIdentifier>{a3377b69-42d7-446b-a8a4-ac747c839458}</UniqueIdentifier>
    </Filter>
    <Filter Include="ゲームシステム\system">
      <UniqueIdentifier>{06e873eb-d527-4e88-baba-9f17b8ce442d}</UniqueIdentifier>
    </Filter>
    <Filter Include="ゲームシステム\cutScene">
      <UniqueIdentifier>{c3e76316-062d-4a44-846c-e4af45b42aa1}</UniqueIdentifier>
    </Filter>
    <Filter Include="ゲームシステム\Player\Action">
      <UniqueIdentifier>{b0b243e4-7ab2-4360-89de-399b580cd1ce}</UniqueIdentifier>
    </Filter>
    <Filter Include="ゲームシステム\Player\Attack">
      <UniqueIdentifier>{59befbde-6773-411b-8a91-ddae424e5227}</UniqueIdentifier>
    </Filter>
    <Filter Include="シェーダーファイル\InstanceObjectLightView">
      <UniqueIdentifier>{09b241bb-04c2-4b59-b5c4-4f61827b89bf}</UniqueIdentifier>
    </Filter>
  </ItemGroup>
  <ItemGroup>
    <ClCompile Include="main.cpp">
      <Filter>ゲームシステム</Filter>
    </ClCompile>
    <ClCompile Include="engine\particle\ParticleManager.cpp">
      <Filter>Engine\Particle</Filter>
    </ClCompile>
    <ClCompile Include="engine\particle\Emitter.cpp">
      <Filter>Engine\Particle</Filter>
    </ClCompile>
    <ClCompile Include="engine\light\LightGroup.cpp">
      <Filter>Engine\Light</Filter>
    </ClCompile>
    <ClCompile Include="engine\camera\Camera.cpp">
      <Filter>Engine\Camera</Filter>
    </ClCompile>
    <ClCompile Include="engine\audio\Audio.cpp">
      <Filter>Engine\Audio</Filter>
    </ClCompile>
    <ClCompile Include="engine\external\imgui\imgui_demo.cpp">
      <Filter>Imgui</Filter>
    </ClCompile>
    <ClCompile Include="engine\external\imgui\imgui_draw.cpp">
      <Filter>Imgui</Filter>
    </ClCompile>
    <ClCompile Include="engine\external\imgui\imgui_impl_dx12.cpp">
      <Filter>Imgui</Filter>
    </ClCompile>
    <ClCompile Include="engine\external\imgui\imgui_impl_win32.cpp">
      <Filter>Imgui</Filter>
    </ClCompile>
    <ClCompile Include="engine\external\imgui\imgui_tables.cpp">
      <Filter>Imgui</Filter>
    </ClCompile>
    <ClCompile Include="engine\external\imgui\imgui_widgets.cpp">
      <Filter>Imgui</Filter>
    </ClCompile>
    <ClCompile Include="engine\external\imgui\imgui.cpp">
      <Filter>Imgui</Filter>
    </ClCompile>
    <ClCompile Include="engine\scene\SceneManager.cpp">
      <Filter>Engine\Scene</Filter>
    </ClCompile>
    <ClCompile Include="game\scene\Scene1.cpp">
      <Filter>ゲームシステム\Scene</Filter>
    </ClCompile>
    <ClCompile Include="engine\Input\XInputManager.cpp">
      <Filter>Engine\Input</Filter>
    </ClCompile>
    <ClCompile Include="engine\Input\DirectInput.cpp">
      <Filter>Engine\Input</Filter>
    </ClCompile>
    <ClCompile Include="engine\Loader\JsonLoader.cpp">
      <Filter>Engine\Loder</Filter>
    </ClCompile>
    <ClCompile Include="engine\Loader\Csv.cpp">
      <Filter>Engine\Loder</Filter>
    </ClCompile>
    <ClCompile Include="engine\DirectXCommon.cpp">
      <Filter>Engine\MainEngine</Filter>
    </ClCompile>
    <ClCompile Include="engine\MainEngine.cpp">
      <Filter>Engine\MainEngine</Filter>
    </ClCompile>
    <ClCompile Include="engine\Object\2d\DebugText.cpp">
      <Filter>Engine\Object\2d</Filter>
    </ClCompile>
    <ClCompile Include="engine\Object\2d\Sprite.cpp">
      <Filter>Engine\Object\2d</Filter>
    </ClCompile>
    <ClCompile Include="engine\Object\2d\PostEffect\Depth.cpp">
      <Filter>Engine\Object\2d\PostEffect</Filter>
    </ClCompile>
    <ClCompile Include="engine\Object\2d\PostEffect\Fog.cpp">
      <Filter>Engine\Object\2d\PostEffect</Filter>
    </ClCompile>
    <ClCompile Include="engine\Object\2d\PostEffect\Outline.cpp">
      <Filter>Engine\Object\2d\PostEffect</Filter>
    </ClCompile>
    <ClCompile Include="engine\Object\2d\PostEffect\PostEffect.cpp">
      <Filter>Engine\Object\2d\PostEffect</Filter>
    </ClCompile>
    <ClCompile Include="engine\Object\2d\PostEffect\BasePostEffect.cpp">
      <Filter>Engine\Object\2d\PostEffect</Filter>
    </ClCompile>
    <ClCompile Include="engine\Object\2d\PostEffect\Bloom.cpp">
      <Filter>Engine\Object\2d\PostEffect</Filter>
    </ClCompile>
    <ClCompile Include="engine\Object\3d\collider\CollisionManager.cpp">
      <Filter>Engine\Object\3d\collider</Filter>
    </ClCompile>
    <ClCompile Include="engine\Object\3d\collider\CollisionPrimitive.cpp">
      <Filter>Engine\Object\3d\collider</Filter>
    </ClCompile>
    <ClCompile Include="engine\Object\3d\collider\MeshCollider.cpp">
      <Filter>Engine\Object\3d\collider</Filter>
    </ClCompile>
    <ClCompile Include="engine\Object\3d\collider\SphereCollider.cpp">
      <Filter>Engine\Object\3d\collider</Filter>
    </ClCompile>
    <ClCompile Include="engine\Object\3d\collider\Collision.cpp">
      <Filter>Engine\Object\3d\collider</Filter>
    </ClCompile>
    <ClCompile Include="engine\Object\3d\InstanceObject.cpp">
      <Filter>Engine\Object\3d</Filter>
    </ClCompile>
    <ClCompile Include="engine\Object\3d\PrimitiveObject3D.cpp">
      <Filter>Engine\Object\3d</Filter>
    </ClCompile>
    <ClCompile Include="engine\Object\3d\TerrainModel.cpp">
      <Filter>Engine\Object\3d</Filter>
    </ClCompile>
    <ClCompile Include="engine\Object\3d\Base3D.cpp">
      <Filter>Engine\Object\3d</Filter>
    </ClCompile>
    <ClCompile Include="engine\Object\3d\HeightMap.cpp">
      <Filter>Engine\Object\3d</Filter>
    </ClCompile>
    <ClCompile Include="engine\Object\3d\Mesh.cpp">
      <Filter>Engine\Object\3d\OBJ</Filter>
    </ClCompile>
    <ClCompile Include="engine\Object\3d\Model.cpp">
      <Filter>Engine\Object\3d\OBJ</Filter>
    </ClCompile>
    <ClCompile Include="engine\Object\3d\Object3d.cpp">
      <Filter>Engine\Object\3d\OBJ</Filter>
    </ClCompile>
    <ClCompile Include="engine\Object\ObjectBase.cpp">
      <Filter>Engine\Object</Filter>
    </ClCompile>
    <ClCompile Include="engine\Pipeline\GraphicsPipelineManager.cpp">
      <Filter>Engine\Pipeline</Filter>
    </ClCompile>
    <ClCompile Include="engine\Pipeline\ShaderManager.cpp">
      <Filter>Engine\Pipeline</Filter>
    </ClCompile>
    <ClCompile Include="engine\Pipeline\ComputeShaderManager.cpp">
      <Filter>Engine\Pipeline</Filter>
    </ClCompile>
    <ClCompile Include="engine\Texture\Texture.cpp">
      <Filter>Engine\Texture</Filter>
    </ClCompile>
    <ClCompile Include="engine\Texture\DescriptorHeapManager.cpp">
      <Filter>Engine\Texture</Filter>
    </ClCompile>
    <ClCompile Include="engine\FrameRateKeep.cpp">
      <Filter>Engine\MainEngine</Filter>
    </ClCompile>
    <ClCompile Include="engine\WindowApp.cpp">
      <Filter>Engine\MainEngine</Filter>
    </ClCompile>
    <ClCompile Include="engine\Object\3d\Material.cpp">
      <Filter>Engine\Object\3d\OBJ</Filter>
    </ClCompile>
    <ClCompile Include="engine\Math\Matrix4.cpp">
      <Filter>Engine\Math</Filter>
    </ClCompile>
    <ClCompile Include="engine\Math\Quaternion.cpp">
      <Filter>Engine\Math</Filter>
    </ClCompile>
    <ClCompile Include="engine\Math\Vector2.cpp">
      <Filter>Engine\Math</Filter>
    </ClCompile>
    <ClCompile Include="engine\Math\Vector3.cpp">
      <Filter>Engine\Math</Filter>
    </ClCompile>
    <ClCompile Include="engine\Math\Easing\Easing.cpp">
      <Filter>Engine\Math\Easing</Filter>
    </ClCompile>
    <ClCompile Include="game\GameHelper.cpp">
      <Filter>ゲームシステム</Filter>
    </ClCompile>
    <ClCompile Include="engine\Object\3d\FbxModel.cpp">
      <Filter>Engine\Object\3d</Filter>
    </ClCompile>
    <ClCompile Include="engine\Object\3d\Fbx.cpp">
      <Filter>Engine\Object\3d</Filter>
    </ClCompile>
    <ClCompile Include="game\player\Player.cpp">
      <Filter>ゲームシステム\Player</Filter>
    </ClCompile>
    <ClCompile Include="game\enemy\BaseAction.cpp">
      <Filter>ゲームシステム\Enemy</Filter>
    </ClCompile>
    <ClCompile Include="game\enemy\BaseBoss.cpp">
      <Filter>ゲームシステム\Enemy</Filter>
    </ClCompile>
    <ClCompile Include="game\enemy\boss1\Boss1NearAttack1.cpp">
      <Filter>ゲームシステム\Enemy\Boss1</Filter>
    </ClCompile>
    <ClCompile Include="game\enemy\boss1\Boss1.cpp">
      <Filter>ゲームシステム\Enemy\Boss1</Filter>
    </ClCompile>
    <ClCompile Include="game\camera\GameCamera.cpp">
      <Filter>ゲームシステム\camera</Filter>
    </ClCompile>
    <ClCompile Include="engine\Camera\DebugCamera.cpp">
      <Filter>Engine\Camera</Filter>
    </ClCompile>
    <ClCompile Include="game\field\Field.cpp">
      <Filter>ゲームシステム\Field</Filter>
    </ClCompile>
    <ClCompile Include="game\enemy\boss1\Boss1Move1.cpp">
      <Filter>ゲームシステム\Enemy\Boss1</Filter>
    </ClCompile>
    <ClCompile Include="engine\Math\DirectXMathHelper.cpp">
      <Filter>Engine\Math</Filter>
    </ClCompile>
    <ClCompile Include="game\ui\Gauge.cpp">
      <Filter>ゲームシステム\UI</Filter>
    </ClCompile>
    <ClCompile Include="game\enemy\PredictionLine.cpp">
      <Filter>ゲームシステム\Enemy</Filter>
    </ClCompile>
    <ClCompile Include="engine\Camera\LightCamera.cpp">
      <Filter>Engine\Camera</Filter>
    </ClCompile>
    <ClCompile Include="game\enemy\boss1\Boss1Bullet1.cpp">
      <Filter>ゲームシステム\Enemy\Boss1</Filter>
    </ClCompile>
    <ClCompile Include="game\enemy\boss1\Boss1Bullet2.cpp">
      <Filter>ゲームシステム\Enemy\Boss1</Filter>
    </ClCompile>
    <ClCompile Include="game\enemy\BaseBullet.cpp">
      <Filter>ゲームシステム\Enemy</Filter>
    </ClCompile>
    <ClCompile Include="game\enemy\boss1\Boss1Bullet3.cpp">
      <Filter>ゲームシステム\Enemy\Boss1</Filter>
    </ClCompile>
    <ClCompile Include="game\enemy\boss1\Boss1Move2.cpp">
      <Filter>ゲームシステム\Enemy\Boss1</Filter>
    </ClCompile>
    <ClCompile Include="game\scene\TitleScene.cpp">
      <Filter>ゲームシステム\Scene</Filter>
    </ClCompile>
    <ClCompile Include="game\ui\GameOver.cpp">
      <Filter>ゲームシステム\Scene</Filter>
    </ClCompile>
    <ClCompile Include="game\enemy\BaseBossModel.cpp">
      <Filter>ゲームシステム\Enemy</Filter>
    </ClCompile>
    <ClCompile Include="game\enemy\boss1\Boss1Model.cpp">
      <Filter>ゲームシステム\Enemy\Boss1</Filter>
    </ClCompile>
    <ClCompile Include="game\effect\BulletEffect.cpp">
      <Filter>ゲームシステム\Effect</Filter>
    </ClCompile>
    <ClCompile Include="game\field\BackGround.cpp">
      <Filter>ゲームシステム\Field</Filter>
    </ClCompile>
    <ClCompile Include="game\system\ActionInputConfig.cpp">
      <Filter>ゲームシステム\system</Filter>
    </ClCompile>
    <ClCompile Include="game\system\GameInputManager.cpp">
      <Filter>ゲームシステム\system</Filter>
    </ClCompile>
    <ClCompile Include="game\camera\CutSceneCamera.cpp">
      <Filter>ゲームシステム\camera</Filter>
    </ClCompile>
    <ClCompile Include="game\scene\OnStageTest.cpp">
      <Filter>ゲームシステム\Scene</Filter>
    </ClCompile>
    <ClCompile Include="game\cutscene\BaseOnStageDirection.cpp">
      <Filter>ゲームシステム\cutScene</Filter>
    </ClCompile>
    <ClCompile Include="game\cutscene\Boss1OnStage.cpp">
      <Filter>ゲームシステム\cutScene</Filter>
    </ClCompile>
    <ClCompile Include="game\cutscene\BaseDefeatDirection.cpp">
      <Filter>ゲームシステム\cutScene</Filter>
    </ClCompile>
    <ClCompile Include="game\cutscene\Boss1Defeat.cpp">
      <Filter>ゲームシステム\cutScene</Filter>
    </ClCompile>
    <ClCompile Include="game\field\FieldLine.cpp">
      <Filter>ゲームシステム\Field</Filter>
    </ClCompile>
    <ClCompile Include="game\player\PlayerSwordAttack1.cpp">
      <Filter>ゲームシステム\Player\Attack</Filter>
    </ClCompile>
    <ClCompile Include="game\player\PlayerActionMoveNormal.cpp">
      <Filter>ゲームシステム\Player\Action</Filter>
    </ClCompile>
    <ClCompile Include="game\player\PlayerData.cpp">
      <Filter>ゲームシステム\Player</Filter>
    </ClCompile>
    <ClCompile Include="game\player\PlayerActionKnockback.cpp">
      <Filter>ゲームシステム\Player\Action</Filter>
    </ClCompile>
    <ClCompile Include="game\player\PlayerActionAvoid.cpp">
      <Filter>ゲームシステム\Player\Action</Filter>
    </ClCompile>
    <ClCompile Include="game\player\PlayerActionBlink.cpp">
      <Filter>ゲームシステム\Player\Action</Filter>
    </ClCompile>
    <ClCompile Include="game\player\PlayerActionAttack.cpp">
      <Filter>ゲームシステム\Player\Action</Filter>
    </ClCompile>
    <ClCompile Include="game\player\PlayerActionBase.cpp">
      <Filter>ゲームシステム\Player\Action</Filter>
    </ClCompile>
    <ClCompile Include="game\player\PlayerActionJump.cpp">
      <Filter>ゲームシステム\Player\Action</Filter>
    </ClCompile>
    <ClCompile Include="game\enemy\boss1\Boss1Wince.cpp">
      <Filter>ゲームシステム\Enemy\Boss1</Filter>
    </ClCompile>
    <ClCompile Include="game\cutscene\SceneChangeDirection.cpp">
      <Filter>ゲームシステム\cutScene</Filter>
    </ClCompile>
    <ClCompile Include="game\player\PlayerActionDead.cpp" />
    <ClCompile Include="game\ui\ChoiceEmphasisDrawer.cpp">
      <Filter>ゲームシステム\UI</Filter>
    </ClCompile>
  </ItemGroup>
  <ItemGroup>
    <FxCompile Include="Resources\Shaders\SpriteVS.hlsl">
      <Filter>シェーダーファイル\Sprite</Filter>
    </FxCompile>
    <FxCompile Include="Resources\Shaders\SpritePS.hlsl">
      <Filter>シェーダーファイル\Sprite</Filter>
    </FxCompile>
    <FxCompile Include="Resources\Shaders\Object3DVS.hlsl">
      <Filter>シェーダーファイル\Object3D</Filter>
    </FxCompile>
    <FxCompile Include="Resources\Shaders\Object3DPS.hlsl">
      <Filter>シェーダーファイル\Object3D</Filter>
    </FxCompile>
    <FxCompile Include="Resources\Shaders\ParticleGS.hlsl">
      <Filter>シェーダーファイル\Particle</Filter>
    </FxCompile>
    <FxCompile Include="Resources\Shaders\ParticlePS.hlsl">
      <Filter>シェーダーファイル\Particle</Filter>
    </FxCompile>
    <FxCompile Include="Resources\Shaders\ParticleVS.hlsl">
      <Filter>シェーダーファイル\Particle</Filter>
    </FxCompile>
    <FxCompile Include="Resources\Shaders\PostEffectPS.hlsl">
      <Filter>シェーダーファイル\PostEffect\PostEffect</Filter>
    </FxCompile>
    <FxCompile Include="Resources\Shaders\PostEffectVS.hlsl">
      <Filter>シェーダーファイル\PostEffect\PostEffect</Filter>
    </FxCompile>
    <FxCompile Include="Resources\Shaders\BasicCS.hlsl">
      <Filter>シェーダーファイル\Basic</Filter>
    </FxCompile>
    <FxCompile Include="Resources\Shaders\HeightMapPS.hlsl">
      <Filter>シェーダーファイル\HeightMap</Filter>
    </FxCompile>
    <FxCompile Include="Resources\Shaders\HeightMapVS.hlsl">
      <Filter>シェーダーファイル\HeightMap</Filter>
    </FxCompile>
    <FxCompile Include="Resources\Shaders\InstanceObjectPS.hlsl">
      <Filter>シェーダーファイル\InstanceObject</Filter>
    </FxCompile>
    <FxCompile Include="Resources\Shaders\InstanceObjectVS.hlsl">
      <Filter>シェーダーファイル\InstanceObject</Filter>
    </FxCompile>
    <FxCompile Include="Resources\Shaders\BloomVS.hlsl">
      <Filter>シェーダーファイル\PostEffect\Bloom</Filter>
    </FxCompile>
    <FxCompile Include="Resources\Shaders\BloomPS.hlsl">
      <Filter>シェーダーファイル\PostEffect\Bloom</Filter>
    </FxCompile>
    <FxCompile Include="Resources\Shaders\OutlinePS.hlsl">
      <Filter>シェーダーファイル\PostEffect\Outline</Filter>
    </FxCompile>
    <FxCompile Include="Resources\Shaders\OutlineVS.hlsl">
      <Filter>シェーダーファイル\PostEffect\Outline</Filter>
    </FxCompile>
    <FxCompile Include="Resources\Shaders\FogPS.hlsl">
      <Filter>シェーダーファイル\PostEffect\Fog</Filter>
    </FxCompile>
    <FxCompile Include="Resources\Shaders\FogVS.hlsl">
      <Filter>シェーダーファイル\PostEffect\Fog</Filter>
    </FxCompile>
    <FxCompile Include="Resources\Shaders\PrimitiveObject3DPS.hlsl">
      <Filter>シェーダーファイル\PrimitiveObject3D</Filter>
    </FxCompile>
    <FxCompile Include="Resources\Shaders\PrimitiveObject3DVS.hlsl">
      <Filter>シェーダーファイル\PrimitiveObject3D</Filter>
    </FxCompile>
    <FxCompile Include="Resources\Shaders\ObjLightViewPS.hlsl">
      <Filter>シェーダーファイル\ObjLightView</Filter>
    </FxCompile>
    <FxCompile Include="Resources\Shaders\ObjLightViewVS.hlsl">
      <Filter>シェーダーファイル\ObjLightView</Filter>
    </FxCompile>
    <FxCompile Include="Resources\Shaders\FbxPS.hlsl">
      <Filter>シェーダーファイル\Fbx</Filter>
    </FxCompile>
    <FxCompile Include="Resources\Shaders\FbxVS.hlsl">
      <Filter>シェーダーファイル\Fbx</Filter>
    </FxCompile>
    <FxCompile Include="Resources\Shaders\FbxLightViewPS.hlsl">
      <Filter>シェーダーファイル\FbxLightView</Filter>
    </FxCompile>
    <FxCompile Include="Resources\Shaders\FbxLightViewVS.hlsl">
      <Filter>シェーダーファイル\FbxLightView</Filter>
    </FxCompile>
    <FxCompile Include="Resources\Shaders\InstanceObjectLightViewPS.hlsl">
      <Filter>シェーダーファイル\InstanceObjectLightView</Filter>
    </FxCompile>
    <FxCompile Include="Resources\Shaders\InstanceObjectLightViewVS.hlsl">
      <Filter>シェーダーファイル\InstanceObjectLightView</Filter>
    </FxCompile>
  </ItemGroup>
  <ItemGroup>
    <None Include="Resources\Shaders\Sprite.hlsli">
      <Filter>シェーダーファイル\Sprite</Filter>
    </None>
    <None Include="Resources\Shaders\Object3D.hlsli">
      <Filter>シェーダーファイル\Object3D</Filter>
    </None>
    <None Include="Resources\Shaders\Particle.hlsli">
      <Filter>シェーダーファイル\Particle</Filter>
    </None>
    <None Include="Resources\Shaders\PostEffect.hlsli">
      <Filter>シェーダーファイル\PostEffect\PostEffect</Filter>
    </None>
    <None Include="Resources\Shaders\HeightMap.hlsli">
      <Filter>シェーダーファイル\HeightMap</Filter>
    </None>
    <None Include="Resources\Shaders\InstanceObject.hlsli">
      <Filter>シェーダーファイル\InstanceObject</Filter>
    </None>
    <None Include="Resources\Shaders\Bloom.hlsli">
      <Filter>シェーダーファイル\PostEffect\Bloom</Filter>
    </None>
    <None Include="Resources\Shaders\Outline.hlsli">
      <Filter>シェーダーファイル\PostEffect\Outline</Filter>
    </None>
    <None Include="Resources\Shaders\Fog.hlsli">
      <Filter>シェーダーファイル\PostEffect\Fog</Filter>
    </None>
    <None Include="Resources\Shaders\PrimitiveObject3D.hlsli">
      <Filter>シェーダーファイル\PrimitiveObject3D</Filter>
    </None>
    <None Include="Resources\Shaders\ObjLightView.hlsli">
      <Filter>シェーダーファイル\ObjLightView</Filter>
    </None>
    <None Include="Resources\Shaders\Fbx.hlsli">
      <Filter>シェーダーファイル\Fbx</Filter>
    </None>
    <None Include="Resources\Shaders\FbxLightView.hlsli">
      <Filter>シェーダーファイル\FbxLightView</Filter>
    </None>
    <None Include="Resources\Shaders\InstanceObjectLightView.hlsli">
      <Filter>シェーダーファイル\InstanceObjectLightView</Filter>
    </None>
  </ItemGroup>
  <ItemGroup>
    <ClInclude Include="engine\particle\ParticleManager.h">
      <Filter>Engine\Particle</Filter>
    </ClInclude>
    <ClInclude Include="engine\particle\Emitter.h">
      <Filter>Engine\Particle</Filter>
    </ClInclude>
    <ClInclude Include="engine\light\LightGroup.h">
      <Filter>Engine\Light</Filter>
    </ClInclude>
    <ClInclude Include="engine\light\PointLight.h">
      <Filter>Engine\Light</Filter>
    </ClInclude>
    <ClInclude Include="engine\light\SpotLight.h">
      <Filter>Engine\Light</Filter>
    </ClInclude>
    <ClInclude Include="engine\light\CircleShadow.h">
      <Filter>Engine\Light</Filter>
    </ClInclude>
    <ClInclude Include="engine\light\DirectionalLight.h">
      <Filter>Engine\Light</Filter>
    </ClInclude>
    <ClInclude Include="engine\camera\Camera.h">
      <Filter>Engine\Camera</Filter>
    </ClInclude>
    <ClInclude Include="engine\audio\Audio.h">
      <Filter>Engine\Audio</Filter>
    </ClInclude>
    <ClInclude Include="engine\external\imgui\imgui_impl_dx12.h">
      <Filter>Imgui</Filter>
    </ClInclude>
    <ClInclude Include="engine\external\imgui\imgui_impl_win32.h">
      <Filter>Imgui</Filter>
    </ClInclude>
    <ClInclude Include="engine\external\imgui\imgui_internal.h">
      <Filter>Imgui</Filter>
    </ClInclude>
    <ClInclude Include="engine\external\imgui\imstb_rectpack.h">
      <Filter>Imgui</Filter>
    </ClInclude>
    <ClInclude Include="engine\external\imgui\imstb_textedit.h">
      <Filter>Imgui</Filter>
    </ClInclude>
    <ClInclude Include="engine\external\imgui\imstb_truetype.h">
      <Filter>Imgui</Filter>
    </ClInclude>
    <ClInclude Include="engine\external\imgui\imconfig.h">
      <Filter>Imgui</Filter>
    </ClInclude>
    <ClInclude Include="engine\external\imgui\imgui.h">
      <Filter>Imgui</Filter>
    </ClInclude>
    <ClInclude Include="engine\scene\SceneManager.h">
      <Filter>Engine\Scene</Filter>
    </ClInclude>
    <ClInclude Include="engine\scene\InterfaceScene.h">
      <Filter>Engine\Scene</Filter>
    </ClInclude>
    <ClInclude Include="game\scene\Scene1.h">
      <Filter>ゲームシステム\Scene</Filter>
    </ClInclude>
    <ClInclude Include="game\GameHelper.h">
      <Filter>ゲームシステム</Filter>
    </ClInclude>
    <ClInclude Include="engine\Input\DirectInput.h">
      <Filter>Engine\Input</Filter>
    </ClInclude>
    <ClInclude Include="engine\Input\XInputManager.h">
      <Filter>Engine\Input</Filter>
    </ClInclude>
    <ClInclude Include="engine\Loader\Csv.h">
      <Filter>Engine\Loder</Filter>
    </ClInclude>
    <ClInclude Include="engine\Loader\JsonLoader.h">
      <Filter>Engine\Loder</Filter>
    </ClInclude>
    <ClInclude Include="engine\DirectXCommon.h">
      <Filter>Engine\MainEngine</Filter>
    </ClInclude>
    <ClInclude Include="engine\MainEngine.h">
      <Filter>Engine\MainEngine</Filter>
    </ClInclude>
    <ClInclude Include="engine\Object\2d\DebugText.h">
      <Filter>Engine\Object\2d</Filter>
    </ClInclude>
    <ClInclude Include="engine\Object\2d\Sprite.h">
      <Filter>Engine\Object\2d</Filter>
    </ClInclude>
    <ClInclude Include="engine\Object\2d\PostEffect\Bloom.h">
      <Filter>Engine\Object\2d\PostEffect</Filter>
    </ClInclude>
    <ClInclude Include="engine\Object\2d\PostEffect\Depth.h">
      <Filter>Engine\Object\2d\PostEffect</Filter>
    </ClInclude>
    <ClInclude Include="engine\Object\2d\PostEffect\Fog.h">
      <Filter>Engine\Object\2d\PostEffect</Filter>
    </ClInclude>
    <ClInclude Include="engine\Object\2d\PostEffect\Outline.h">
      <Filter>Engine\Object\2d\PostEffect</Filter>
    </ClInclude>
    <ClInclude Include="engine\Object\2d\PostEffect\PostEffect.h">
      <Filter>Engine\Object\2d\PostEffect</Filter>
    </ClInclude>
    <ClInclude Include="engine\Object\2d\PostEffect\BasePostEffect.h">
      <Filter>Engine\Object\2d\PostEffect</Filter>
    </ClInclude>
    <ClInclude Include="engine\Object\3d\collider\CollisionManager.h">
      <Filter>Engine\Object\3d\collider</Filter>
    </ClInclude>
    <ClInclude Include="engine\Object\3d\collider\CollisionPrimitive.h">
      <Filter>Engine\Object\3d\collider</Filter>
    </ClInclude>
    <ClInclude Include="engine\Object\3d\collider\CollisionTypes.h">
      <Filter>Engine\Object\3d\collider</Filter>
    </ClInclude>
    <ClInclude Include="engine\Object\3d\collider\MeshCollider.h">
      <Filter>Engine\Object\3d\collider</Filter>
    </ClInclude>
    <ClInclude Include="engine\Object\3d\collider\QueryCallback.h">
      <Filter>Engine\Object\3d\collider</Filter>
    </ClInclude>
    <ClInclude Include="engine\Object\3d\collider\RaycastHit.h">
      <Filter>Engine\Object\3d\collider</Filter>
    </ClInclude>
    <ClInclude Include="engine\Object\3d\collider\SphereCollider.h">
      <Filter>Engine\Object\3d\collider</Filter>
    </ClInclude>
    <ClInclude Include="engine\Object\3d\collider\BaseCollider.h">
      <Filter>Engine\Object\3d\collider</Filter>
    </ClInclude>
    <ClInclude Include="engine\Object\3d\collider\Collision.h">
      <Filter>Engine\Object\3d\collider</Filter>
    </ClInclude>
    <ClInclude Include="engine\Object\3d\collider\CollisionAttribute.h">
      <Filter>Engine\Object\3d\collider</Filter>
    </ClInclude>
    <ClInclude Include="engine\Object\3d\collider\CollisionInfo.h">
      <Filter>Engine\Object\3d\collider</Filter>
    </ClInclude>
    <ClInclude Include="engine\Object\3d\InstanceObject.h">
      <Filter>Engine\Object\3d</Filter>
    </ClInclude>
    <ClInclude Include="engine\Object\3d\PrimitiveObject3D.h">
      <Filter>Engine\Object\3d</Filter>
    </ClInclude>
    <ClInclude Include="engine\Object\3d\TerrainModel.h">
      <Filter>Engine\Object\3d</Filter>
    </ClInclude>
    <ClInclude Include="engine\Object\3d\Base3D.h">
      <Filter>Engine\Object\3d</Filter>
    </ClInclude>
    <ClInclude Include="engine\Object\3d\HeightMap.h">
      <Filter>Engine\Object\3d</Filter>
    </ClInclude>
    <ClInclude Include="engine\Object\3d\Material.h">
      <Filter>Engine\Object\3d\OBJ</Filter>
    </ClInclude>
    <ClInclude Include="engine\Object\3d\Mesh.h">
      <Filter>Engine\Object\3d\OBJ</Filter>
    </ClInclude>
    <ClInclude Include="engine\Object\3d\Model.h">
      <Filter>Engine\Object\3d\OBJ</Filter>
    </ClInclude>
    <ClInclude Include="engine\Object\3d\Object3d.h">
      <Filter>Engine\Object\3d\OBJ</Filter>
    </ClInclude>
    <ClInclude Include="engine\Object\ObjectBase.h">
      <Filter>Engine\Object</Filter>
    </ClInclude>
    <ClInclude Include="engine\Pipeline\ComputeShaderManager.h">
      <Filter>Engine\Pipeline</Filter>
    </ClInclude>
    <ClInclude Include="engine\Pipeline\GraphicsPipelineManager.h">
      <Filter>Engine\Pipeline</Filter>
    </ClInclude>
    <ClInclude Include="engine\Pipeline\ShaderManager.h">
      <Filter>Engine\Pipeline</Filter>
    </ClInclude>
    <ClInclude Include="engine\Texture\DescriptorHeapManager.h">
      <Filter>Engine\Texture</Filter>
    </ClInclude>
    <ClInclude Include="engine\Texture\Texture.h">
      <Filter>Engine\Texture</Filter>
    </ClInclude>
    <ClInclude Include="engine\FrameRateKeep.h">
      <Filter>Engine\MainEngine</Filter>
    </ClInclude>
    <ClInclude Include="engine\Helpar.h">
      <Filter>Engine\MainEngine</Filter>
    </ClInclude>
    <ClInclude Include="engine\Singleton.h">
      <Filter>Engine\MainEngine</Filter>
    </ClInclude>
    <ClInclude Include="engine\SafeDelete.h">
      <Filter>Engine\MainEngine</Filter>
    </ClInclude>
    <ClInclude Include="engine\WindowApp.h">
      <Filter>Engine\MainEngine</Filter>
    </ClInclude>
    <ClInclude Include="engine\Math\Matrix4.h">
      <Filter>Engine\Math</Filter>
    </ClInclude>
    <ClInclude Include="engine\Math\Quaternion.h">
      <Filter>Engine\Math</Filter>
    </ClInclude>
    <ClInclude Include="engine\Math\Vector2.h">
      <Filter>Engine\Math</Filter>
    </ClInclude>
    <ClInclude Include="engine\Math\Vector3.h">
      <Filter>Engine\Math</Filter>
    </ClInclude>
    <ClInclude Include="engine\Math\Easing\Easing.h">
      <Filter>Engine\Math\Easing</Filter>
    </ClInclude>
    <ClInclude Include="engine\Object\3d\Fbx.h">
      <Filter>Engine\Object\3d</Filter>
    </ClInclude>
    <ClInclude Include="engine\Object\3d\FbxModel.h">
      <Filter>Engine\Object\3d</Filter>
    </ClInclude>
    <ClInclude Include="game\player\Player.h">
      <Filter>ゲームシステム\Player</Filter>
    </ClInclude>
    <ClInclude Include="game\camera\GameCamera.h">
      <Filter>ゲームシステム\camera</Filter>
    </ClInclude>
    <ClInclude Include="game\enemy\BaseAction.h">
      <Filter>ゲームシステム\Enemy</Filter>
    </ClInclude>
    <ClInclude Include="game\enemy\BaseBoss.h">
      <Filter>ゲームシステム\Enemy</Filter>
    </ClInclude>
    <ClInclude Include="game\enemy\boss1\Boss1.h">
      <Filter>ゲームシステム\Enemy\Boss1</Filter>
    </ClInclude>
    <ClInclude Include="game\enemy\boss1\Boss1NearAttack1.h">
      <Filter>ゲームシステム\Enemy\Boss1</Filter>
    </ClInclude>
    <ClInclude Include="engine\Camera\DebugCamera.h">
      <Filter>Engine\Camera</Filter>
    </ClInclude>
    <ClInclude Include="game\field\Field.h">
      <Filter>ゲームシステム\Field</Filter>
    </ClInclude>
    <ClInclude Include="game\enemy\boss1\Boss1Move1.h">
      <Filter>ゲームシステム\Enemy\Boss1</Filter>
    </ClInclude>
    <ClInclude Include="engine\Math\DirectXMathHelper.h">
      <Filter>Engine\Math</Filter>
    </ClInclude>
    <ClInclude Include="game\ui\Gauge.h">
      <Filter>ゲームシステム\UI</Filter>
    </ClInclude>
    <ClInclude Include="game\enemy\PredictionLine.h">
      <Filter>ゲームシステム\Enemy</Filter>
    </ClInclude>
    <ClInclude Include="engine\Camera\LightCamera.h">
      <Filter>Engine\Camera</Filter>
    </ClInclude>
    <ClInclude Include="game\enemy\boss1\Boss1Bullet1.h">
      <Filter>ゲームシステム\Enemy\Boss1</Filter>
    </ClInclude>
    <ClInclude Include="game\enemy\boss1\Boss1Bullet2.h">
      <Filter>ゲームシステム\Enemy\Boss1</Filter>
    </ClInclude>
    <ClInclude Include="game\enemy\BaseBullet.h">
      <Filter>ゲームシステム\Enemy</Filter>
    </ClInclude>
    <ClInclude Include="game\enemy\boss1\Boss1Bullet3.h">
      <Filter>ゲームシステム\Enemy\Boss1</Filter>
    </ClInclude>
    <ClInclude Include="game\enemy\boss1\Boss1Move2.h">
      <Filter>ゲームシステム\Enemy\Boss1</Filter>
    </ClInclude>
    <ClInclude Include="engine\Math\Timer.h">
      <Filter>Engine\Math</Filter>
    </ClInclude>
    <ClInclude Include="game\scene\TitleScene.h">
      <Filter>ゲームシステム\Scene</Filter>
    </ClInclude>
    <ClInclude Include="game\ui\GameOver.h">
      <Filter>ゲームシステム\Scene</Filter>
    </ClInclude>
    <ClInclude Include="game\enemy\BaseBossModel.h">
      <Filter>ゲームシステム\Enemy</Filter>
    </ClInclude>
    <ClInclude Include="game\enemy\boss1\Boss1Model.h">
      <Filter>ゲームシステム\Enemy\Boss1</Filter>
    </ClInclude>
    <ClInclude Include="game\effect\BulletEffect.h">
      <Filter>ゲームシステム\Effect</Filter>
    </ClInclude>
    <ClInclude Include="game\field\BackGround.h">
      <Filter>ゲームシステム\Field</Filter>
    </ClInclude>
    <ClInclude Include="game\system\ActionInputConfig.h">
      <Filter>ゲームシステム\system</Filter>
    </ClInclude>
    <ClInclude Include="game\system\GameInputManager.h">
      <Filter>ゲームシステム\system</Filter>
    </ClInclude>
    <ClInclude Include="game\camera\CutSceneCamera.h">
      <Filter>ゲームシステム\camera</Filter>
    </ClInclude>
    <ClInclude Include="game\scene\OnStageTest.h">
      <Filter>ゲームシステム\Scene</Filter>
    </ClInclude>
    <ClInclude Include="game\cutscene\BaseOnStageDirection.h">
      <Filter>ゲームシステム\cutScene</Filter>
    </ClInclude>
    <ClInclude Include="game\cutscene\Boss1OnStage.h">
      <Filter>ゲームシステム\cutScene</Filter>
    </ClInclude>
    <ClInclude Include="game\cutscene\BaseDefeatDirection.h">
      <Filter>ゲームシステム\cutScene</Filter>
    </ClInclude>
    <ClInclude Include="game\cutscene\Boss1Defeat.h">
      <Filter>ゲームシステム\cutScene</Filter>
    </ClInclude>
    <ClInclude Include="game\field\FieldLine.h">
      <Filter>ゲームシステム\Field</Filter>
    </ClInclude>
    <ClInclude Include="game\player\BasePlayerAttack.h">
      <Filter>ゲームシステム\Player\Attack</Filter>
    </ClInclude>
    <ClInclude Include="game\player\PlayerSwordAttack1.h">
      <Filter>ゲームシステム\Player\Attack</Filter>
    </ClInclude>
    <ClInclude Include="game\player\PlayerActionBase.h">
      <Filter>ゲームシステム\Player\Action</Filter>
    </ClInclude>
    <ClInclude Include="game\player\PlayerActionMoveNormal.h">
      <Filter>ゲームシステム\Player\Action</Filter>
    </ClInclude>
    <ClInclude Include="game\player\PlayerData.h">
      <Filter>ゲームシステム\Player</Filter>
    </ClInclude>
    <ClInclude Include="game\player\PlayerActionKnockback.h">
      <Filter>ゲームシステム\Player\Action</Filter>
    </ClInclude>
    <ClInclude Include="game\player\PlayerActionAvoid.h">
      <Filter>ゲームシステム\Player\Action</Filter>
    </ClInclude>
    <ClInclude Include="game\player\PlayerActionBlink.h">
      <Filter>ゲームシステム\Player\Action</Filter>
    </ClInclude>
    <ClInclude Include="game\player\PlayerActionAttack.h">
      <Filter>ゲームシステム\Player\Action</Filter>
    </ClInclude>
    <ClInclude Include="game\player\PlayerActionJump.h">
      <Filter>ゲームシステム\Player\Action</Filter>
    </ClInclude>
    <ClInclude Include="game\enemy\boss1\Boss1Wince.h">
      <Filter>ゲームシステム\Enemy\Boss1</Filter>
    </ClInclude>
    <ClInclude Include="game\cutscene\SceneChangeDirection.h">
      <Filter>ゲームシステム\cutScene</Filter>
    </ClInclude>
  </ItemGroup>
</Project>